// !$*UTF8*$!
{
	archiveVersion = 1;
	classes = {
	};
	objectVersion = 50;
	objects = {

/* Begin PBXBuildFile section */
		C04D2787257C605A007502F7 /* shuffle.wav in Resources */ = {isa = PBXBuildFile; fileRef = C04D2783257C605A007502F7 /* shuffle.wav */; };
		C04D2788257C605A007502F7 /* cardflip.wav in Resources */ = {isa = PBXBuildFile; fileRef = C04D2784257C605A007502F7 /* cardflip.wav */; };
		C04D2789257C605A007502F7 /* dingwrong.wav in Resources */ = {isa = PBXBuildFile; fileRef = C04D2785257C605A007502F7 /* dingwrong.wav */; };
		C04D278A257C605A007502F7 /* dingcorrect.wav in Resources */ = {isa = PBXBuildFile; fileRef = C04D2786257C605A007502F7 /* dingcorrect.wav */; };
		C04D2790257C60AD007502F7 /* AVFoundation.framework in Frameworks */ = {isa = PBXBuildFile; fileRef = C04D278F257C60AD007502F7 /* AVFoundation.framework */; };
		C04D2792257C60F4007502F7 /* SoundManager.swift in Sources */ = {isa = PBXBuildFile; fileRef = C04D2791257C60F4007502F7 /* SoundManager.swift */; };
		C07C1AB6257AB71B0087B694 /* CardModel.swift in Sources */ = {isa = PBXBuildFile; fileRef = C07C1AB5257AB71B0087B694 /* CardModel.swift */; };
		C07C1ABB257AB8AC0087B694 /* Card.swift in Sources */ = {isa = PBXBuildFile; fileRef = C07C1ABA257AB8AC0087B694 /* Card.swift */; };
		C07C1AC0257ABFDF0087B694 /* CardCollectionViewCell.swift in Sources */ = {isa = PBXBuildFile; fileRef = C07C1ABF257ABFDF0087B694 /* CardCollectionViewCell.swift */; };
		C0A12CA82579E33100CDB428 /* AppDelegate.swift in Sources */ = {isa = PBXBuildFile; fileRef = C0A12CA72579E33100CDB428 /* AppDelegate.swift */; };
		C0A12CAA2579E33100CDB428 /* SceneDelegate.swift in Sources */ = {isa = PBXBuildFile; fileRef = C0A12CA92579E33100CDB428 /* SceneDelegate.swift */; };
		C0A12CAC2579E33100CDB428 /* ViewController.swift in Sources */ = {isa = PBXBuildFile; fileRef = C0A12CAB2579E33100CDB428 /* ViewController.swift */; };
		C0A12CAF2579E33100CDB428 /* Main.storyboard in Resources */ = {isa = PBXBuildFile; fileRef = C0A12CAD2579E33100CDB428 /* Main.storyboard */; };
		C0A12CB12579E33100CDB428 /* Assets.xcassets in Resources */ = {isa = PBXBuildFile; fileRef = C0A12CB02579E33100CDB428 /* Assets.xcassets */; };
		C0A12CB42579E33100CDB428 /* LaunchScreen.storyboard in Resources */ = {isa = PBXBuildFile; fileRef = C0A12CB22579E33100CDB428 /* LaunchScreen.storyboard */; };
		C0A12CBF2579E33100CDB428 /* MatchGameTests.swift in Sources */ = {isa = PBXBuildFile; fileRef = C0A12CBE2579E33100CDB428 /* MatchGameTests.swift */; };
		C0A12CCA2579E33100CDB428 /* MatchGameUITests.swift in Sources */ = {isa = PBXBuildFile; fileRef = C0A12CC92579E33100CDB428 /* MatchGameUITests.swift */; };
/* End PBXBuildFile section */

/* Begin PBXContainerItemProxy section */
		C0A12CBB2579E33100CDB428 /* PBXContainerItemProxy */ = {
			isa = PBXContainerItemProxy;
			containerPortal = C0A12C9C2579E33000CDB428 /* Project object */;
			proxyType = 1;
			remoteGlobalIDString = C0A12CA32579E33000CDB428;
			remoteInfo = MatchGame;
		};
		C0A12CC62579E33100CDB428 /* PBXContainerItemProxy */ = {
			isa = PBXContainerItemProxy;
			containerPortal = C0A12C9C2579E33000CDB428 /* Project object */;
			proxyType = 1;
			remoteGlobalIDString = C0A12CA32579E33000CDB428;
			remoteInfo = MatchGame;
		};
/* End PBXContainerItemProxy section */

/* Begin PBXFileReference section */
		C04D2783257C605A007502F7 /* shuffle.wav */ = {isa = PBXFileReference; lastKnownFileType = audio.wav; path = shuffle.wav; sourceTree = "<group>"; };
		C04D2784257C605A007502F7 /* cardflip.wav */ = {isa = PBXFileReference; lastKnownFileType = audio.wav; path = cardflip.wav; sourceTree = "<group>"; };
		C04D2785257C605A007502F7 /* dingwrong.wav */ = {isa = PBXFileReference; lastKnownFileType = audio.wav; path = dingwrong.wav; sourceTree = "<group>"; };
		C04D2786257C605A007502F7 /* dingcorrect.wav */ = {isa = PBXFileReference; lastKnownFileType = audio.wav; path = dingcorrect.wav; sourceTree = "<group>"; };
		C04D278F257C60AD007502F7 /* AVFoundation.framework */ = {isa = PBXFileReference; lastKnownFileType = wrapper.framework; name = AVFoundation.framework; path = System/Library/Frameworks/AVFoundation.framework; sourceTree = SDKROOT; };
		C04D2791257C60F4007502F7 /* SoundManager.swift */ = {isa = PBXFileReference; lastKnownFileType = sourcecode.swift; path = SoundManager.swift; sourceTree = "<group>"; };
		C07C1AB5257AB71B0087B694 /* CardModel.swift */ = {isa = PBXFileReference; lastKnownFileType = sourcecode.swift; path = CardModel.swift; sourceTree = "<group>"; };
		C07C1ABA257AB8AC0087B694 /* Card.swift */ = {isa = PBXFileReference; lastKnownFileType = sourcecode.swift; path = Card.swift; sourceTree = "<group>"; };
		C07C1ABF257ABFDF0087B694 /* CardCollectionViewCell.swift */ = {isa = PBXFileReference; lastKnownFileType = sourcecode.swift; path = CardCollectionViewCell.swift; sourceTree = "<group>"; };
		C0A12CA42579E33100CDB428 /* MatchGame.app */ = {isa = PBXFileReference; explicitFileType = wrapper.application; includeInIndex = 0; path = MatchGame.app; sourceTree = BUILT_PRODUCTS_DIR; };
		C0A12CA72579E33100CDB428 /* AppDelegate.swift */ = {isa = PBXFileReference; lastKnownFileType = sourcecode.swift; path = AppDelegate.swift; sourceTree = "<group>"; };
		C0A12CA92579E33100CDB428 /* SceneDelegate.swift */ = {isa = PBXFileReference; lastKnownFileType = sourcecode.swift; path = SceneDelegate.swift; sourceTree = "<group>"; };
		C0A12CAB2579E33100CDB428 /* ViewController.swift */ = {isa = PBXFileReference; lastKnownFileType = sourcecode.swift; path = ViewController.swift; sourceTree = "<group>"; };
		C0A12CAE2579E33100CDB428 /* Base */ = {isa = PBXFileReference; lastKnownFileType = file.storyboard; name = Base; path = Base.lproj/Main.storyboard; sourceTree = "<group>"; };
		C0A12CB02579E33100CDB428 /* Assets.xcassets */ = {isa = PBXFileReference; lastKnownFileType = folder.assetcatalog; path = Assets.xcassets; sourceTree = "<group>"; };
		C0A12CB32579E33100CDB428 /* Base */ = {isa = PBXFileReference; lastKnownFileType = file.storyboard; name = Base; path = Base.lproj/LaunchScreen.storyboard; sourceTree = "<group>"; };
		C0A12CB52579E33100CDB428 /* Info.plist */ = {isa = PBXFileReference; lastKnownFileType = text.plist.xml; path = Info.plist; sourceTree = "<group>"; };
		C0A12CBA2579E33100CDB428 /* MatchGameTests.xctest */ = {isa = PBXFileReference; explicitFileType = wrapper.cfbundle; includeInIndex = 0; path = MatchGameTests.xctest; sourceTree = BUILT_PRODUCTS_DIR; };
		C0A12CBE2579E33100CDB428 /* MatchGameTests.swift */ = {isa = PBXFileReference; lastKnownFileType = sourcecode.swift; path = MatchGameTests.swift; sourceTree = "<group>"; };
		C0A12CC02579E33100CDB428 /* Info.plist */ = {isa = PBXFileReference; lastKnownFileType = text.plist.xml; path = Info.plist; sourceTree = "<group>"; };
		C0A12CC52579E33100CDB428 /* MatchGameUITests.xctest */ = {isa = PBXFileReference; explicitFileType = wrapper.cfbundle; includeInIndex = 0; path = MatchGameUITests.xctest; sourceTree = BUILT_PRODUCTS_DIR; };
		C0A12CC92579E33100CDB428 /* MatchGameUITests.swift */ = {isa = PBXFileReference; lastKnownFileType = sourcecode.swift; path = MatchGameUITests.swift; sourceTree = "<group>"; };
		C0A12CCB2579E33100CDB428 /* Info.plist */ = {isa = PBXFileReference; lastKnownFileType = text.plist.xml; path = Info.plist; sourceTree = "<group>"; };
/* End PBXFileReference section */

/* Begin PBXFrameworksBuildPhase section */
		C0A12CA12579E33000CDB428 /* Frameworks */ = {
			isa = PBXFrameworksBuildPhase;
			buildActionMask = 2147483647;
			files = (
				C04D2790257C60AD007502F7 /* AVFoundation.framework in Frameworks */,
			);
			runOnlyForDeploymentPostprocessing = 0;
		};
		C0A12CB72579E33100CDB428 /* Frameworks */ = {
			isa = PBXFrameworksBuildPhase;
			buildActionMask = 2147483647;
			files = (
			);
			runOnlyForDeploymentPostprocessing = 0;
		};
		C0A12CC22579E33100CDB428 /* Frameworks */ = {
			isa = PBXFrameworksBuildPhase;
			buildActionMask = 2147483647;
			files = (
			);
			runOnlyForDeploymentPostprocessing = 0;
		};
/* End PBXFrameworksBuildPhase section */

/* Begin PBXGroup section */
		C04D2782257C5FF0007502F7 /* Sounds */ = {
			isa = PBXGroup;
			children = (
				C04D2784257C605A007502F7 /* cardflip.wav */,
				C04D2786257C605A007502F7 /* dingcorrect.wav */,
				C04D2785257C605A007502F7 /* dingwrong.wav */,
				C04D2783257C605A007502F7 /* shuffle.wav */,
			);
			path = Sounds;
			sourceTree = "<group>";
		};
		C04D278E257C60AD007502F7 /* Frameworks */ = {
			isa = PBXGroup;
			children = (
				C04D278F257C60AD007502F7 /* AVFoundation.framework */,
			);
			name = Frameworks;
			sourceTree = "<group>";
		};
		C09427C3257B146600E40041 /* Controller */ = {
			isa = PBXGroup;
			children = (
				C07C1ABF257ABFDF0087B694 /* CardCollectionViewCell.swift */,
				C0A12CAB2579E33100CDB428 /* ViewController.swift */,
			);
			path = Controller;
			sourceTree = "<group>";
		};
		C09427C7257B148500E40041 /* View */ = {
			isa = PBXGroup;
			children = (
				C0A12CAD2579E33100CDB428 /* Main.storyboard */,
			);
			path = View;
			sourceTree = "<group>";
		};
		C09427C8257B149100E40041 /* Model */ = {
			isa = PBXGroup;
			children = (
				C07C1ABA257AB8AC0087B694 /* Card.swift */,
				C04D2791257C60F4007502F7 /* SoundManager.swift */,
				C07C1AB5257AB71B0087B694 /* CardModel.swift */,
			);
			path = Model;
			sourceTree = "<group>";
		};
		C0A12C9B2579E33000CDB428 = {
			isa = PBXGroup;
			children = (
				C0A12CA62579E33100CDB428 /* MatchGame */,
				C0A12CBD2579E33100CDB428 /* MatchGameTests */,
				C0A12CC82579E33100CDB428 /* MatchGameUITests */,
				C0A12CA52579E33100CDB428 /* Products */,
				C04D278E257C60AD007502F7 /* Frameworks */,
			);
			sourceTree = "<group>";
		};
		C0A12CA52579E33100CDB428 /* Products */ = {
			isa = PBXGroup;
			children = (
				C0A12CA42579E33100CDB428 /* MatchGame.app */,
				C0A12CBA2579E33100CDB428 /* MatchGameTests.xctest */,
				C0A12CC52579E33100CDB428 /* MatchGameUITests.xctest */,
			);
			name = Products;
			sourceTree = "<group>";
		};
		C0A12CA62579E33100CDB428 /* MatchGame */ = {
			isa = PBXGroup;
			children = (
				C04D2782257C5FF0007502F7 /* Sounds */,
				C0A12CA72579E33100CDB428 /* AppDelegate.swift */,
				C0A12CA92579E33100CDB428 /* SceneDelegate.swift */,
				C09427C7257B148500E40041 /* View */,
				C09427C8257B149100E40041 /* Model */,
				C09427C3257B146600E40041 /* Controller */,
				C0A12CB02579E33100CDB428 /* Assets.xcassets */,
				C0A12CB22579E33100CDB428 /* LaunchScreen.storyboard */,
				C0A12CB52579E33100CDB428 /* Info.plist */,
			);
			path = MatchGame;
			sourceTree = "<group>";
		};
		C0A12CBD2579E33100CDB428 /* MatchGameTests */ = {
			isa = PBXGroup;
			children = (
				C0A12CBE2579E33100CDB428 /* MatchGameTests.swift */,
				C0A12CC02579E33100CDB428 /* Info.plist */,
			);
			path = MatchGameTests;
			sourceTree = "<group>";
		};
		C0A12CC82579E33100CDB428 /* MatchGameUITests */ = {
			isa = PBXGroup;
			children = (
				C0A12CC92579E33100CDB428 /* MatchGameUITests.swift */,
				C0A12CCB2579E33100CDB428 /* Info.plist */,
			);
			path = MatchGameUITests;
			sourceTree = "<group>";
		};
/* End PBXGroup section */

/* Begin PBXNativeTarget section */
		C0A12CA32579E33000CDB428 /* MatchGame */ = {
			isa = PBXNativeTarget;
			buildConfigurationList = C0A12CCE2579E33100CDB428 /* Build configuration list for PBXNativeTarget "MatchGame" */;
			buildPhases = (
				C0A12CA02579E33000CDB428 /* Sources */,
				C0A12CA12579E33000CDB428 /* Frameworks */,
				C0A12CA22579E33000CDB428 /* Resources */,
			);
			buildRules = (
			);
			dependencies = (
			);
			name = MatchGame;
			productName = MatchGame;
			productReference = C0A12CA42579E33100CDB428 /* MatchGame.app */;
			productType = "com.apple.product-type.application";
		};
		C0A12CB92579E33100CDB428 /* MatchGameTests */ = {
			isa = PBXNativeTarget;
			buildConfigurationList = C0A12CD12579E33100CDB428 /* Build configuration list for PBXNativeTarget "MatchGameTests" */;
			buildPhases = (
				C0A12CB62579E33100CDB428 /* Sources */,
				C0A12CB72579E33100CDB428 /* Frameworks */,
				C0A12CB82579E33100CDB428 /* Resources */,
			);
			buildRules = (
			);
			dependencies = (
				C0A12CBC2579E33100CDB428 /* PBXTargetDependency */,
			);
			name = MatchGameTests;
			productName = MatchGameTests;
			productReference = C0A12CBA2579E33100CDB428 /* MatchGameTests.xctest */;
			productType = "com.apple.product-type.bundle.unit-test";
		};
		C0A12CC42579E33100CDB428 /* MatchGameUITests */ = {
			isa = PBXNativeTarget;
			buildConfigurationList = C0A12CD42579E33100CDB428 /* Build configuration list for PBXNativeTarget "MatchGameUITests" */;
			buildPhases = (
				C0A12CC12579E33100CDB428 /* Sources */,
				C0A12CC22579E33100CDB428 /* Frameworks */,
				C0A12CC32579E33100CDB428 /* Resources */,
			);
			buildRules = (
			);
			dependencies = (
				C0A12CC72579E33100CDB428 /* PBXTargetDependency */,
			);
			name = MatchGameUITests;
			productName = MatchGameUITests;
			productReference = C0A12CC52579E33100CDB428 /* MatchGameUITests.xctest */;
			productType = "com.apple.product-type.bundle.ui-testing";
		};
/* End PBXNativeTarget section */

/* Begin PBXProject section */
		C0A12C9C2579E33000CDB428 /* Project object */ = {
			isa = PBXProject;
			attributes = {
				LastSwiftUpdateCheck = 1210;
				LastUpgradeCheck = 1210;
				TargetAttributes = {
					C0A12CA32579E33000CDB428 = {
						CreatedOnToolsVersion = 12.1;
					};
					C0A12CB92579E33100CDB428 = {
						CreatedOnToolsVersion = 12.1;
						TestTargetID = C0A12CA32579E33000CDB428;
					};
					C0A12CC42579E33100CDB428 = {
						CreatedOnToolsVersion = 12.1;
						TestTargetID = C0A12CA32579E33000CDB428;
					};
				};
			};
			buildConfigurationList = C0A12C9F2579E33000CDB428 /* Build configuration list for PBXProject "MatchGame" */;
			compatibilityVersion = "Xcode 9.3";
			developmentRegion = en;
			hasScannedForEncodings = 0;
			knownRegions = (
				en,
				Base,
			);
			mainGroup = C0A12C9B2579E33000CDB428;
			productRefGroup = C0A12CA52579E33100CDB428 /* Products */;
			projectDirPath = "";
			projectRoot = "";
			targets = (
				C0A12CA32579E33000CDB428 /* MatchGame */,
				C0A12CB92579E33100CDB428 /* MatchGameTests */,
				C0A12CC42579E33100CDB428 /* MatchGameUITests */,
			);
		};
/* End PBXProject section */

/* Begin PBXResourcesBuildPhase section */
		C0A12CA22579E33000CDB428 /* Resources */ = {
			isa = PBXResourcesBuildPhase;
			buildActionMask = 2147483647;
			files = (
				C04D2787257C605A007502F7 /* shuffle.wav in Resources */,
				C0A12CB42579E33100CDB428 /* LaunchScreen.storyboard in Resources */,
				C04D2789257C605A007502F7 /* dingwrong.wav in Resources */,
				C0A12CB12579E33100CDB428 /* Assets.xcassets in Resources */,
				C0A12CAF2579E33100CDB428 /* Main.storyboard in Resources */,
				C04D278A257C605A007502F7 /* dingcorrect.wav in Resources */,
				C04D2788257C605A007502F7 /* cardflip.wav in Resources */,
			);
			runOnlyForDeploymentPostprocessing = 0;
		};
		C0A12CB82579E33100CDB428 /* Resources */ = {
			isa = PBXResourcesBuildPhase;
			buildActionMask = 2147483647;
			files = (
			);
			runOnlyForDeploymentPostprocessing = 0;
		};
		C0A12CC32579E33100CDB428 /* Resources */ = {
			isa = PBXResourcesBuildPhase;
			buildActionMask = 2147483647;
			files = (
			);
			runOnlyForDeploymentPostprocessing = 0;
		};
/* End PBXResourcesBuildPhase section */

/* Begin PBXSourcesBuildPhase section */
		C0A12CA02579E33000CDB428 /* Sources */ = {
			isa = PBXSourcesBuildPhase;
			buildActionMask = 2147483647;
			files = (
				C0A12CAC2579E33100CDB428 /* ViewController.swift in Sources */,
				C07C1AB6257AB71B0087B694 /* CardModel.swift in Sources */,
				C07C1ABB257AB8AC0087B694 /* Card.swift in Sources */,
				C0A12CA82579E33100CDB428 /* AppDelegate.swift in Sources */,
				C07C1AC0257ABFDF0087B694 /* CardCollectionViewCell.swift in Sources */,
				C04D2792257C60F4007502F7 /* SoundManager.swift in Sources */,
				C0A12CAA2579E33100CDB428 /* SceneDelegate.swift in Sources */,
			);
			runOnlyForDeploymentPostprocessing = 0;
		};
		C0A12CB62579E33100CDB428 /* Sources */ = {
			isa = PBXSourcesBuildPhase;
			buildActionMask = 2147483647;
			files = (
				C0A12CBF2579E33100CDB428 /* MatchGameTests.swift in Sources */,
			);
			runOnlyForDeploymentPostprocessing = 0;
		};
		C0A12CC12579E33100CDB428 /* Sources */ = {
			isa = PBXSourcesBuildPhase;
			buildActionMask = 2147483647;
			files = (
				C0A12CCA2579E33100CDB428 /* MatchGameUITests.swift in Sources */,
			);
			runOnlyForDeploymentPostprocessing = 0;
		};
/* End PBXSourcesBuildPhase section */

/* Begin PBXTargetDependency section */
		C0A12CBC2579E33100CDB428 /* PBXTargetDependency */ = {
			isa = PBXTargetDependency;
			target = C0A12CA32579E33000CDB428 /* MatchGame */;
			targetProxy = C0A12CBB2579E33100CDB428 /* PBXContainerItemProxy */;
		};
		C0A12CC72579E33100CDB428 /* PBXTargetDependency */ = {
			isa = PBXTargetDependency;
			target = C0A12CA32579E33000CDB428 /* MatchGame */;
			targetProxy = C0A12CC62579E33100CDB428 /* PBXContainerItemProxy */;
		};
/* End PBXTargetDependency section */

/* Begin PBXVariantGroup section */
		C0A12CAD2579E33100CDB428 /* Main.storyboard */ = {
			isa = PBXVariantGroup;
			children = (
				C0A12CAE2579E33100CDB428 /* Base */,
			);
			name = Main.storyboard;
			sourceTree = "<group>";
		};
		C0A12CB22579E33100CDB428 /* LaunchScreen.storyboard */ = {
			isa = PBXVariantGroup;
			children = (
				C0A12CB32579E33100CDB428 /* Base */,
			);
			name = LaunchScreen.storyboard;
			sourceTree = "<group>";
		};
/* End PBXVariantGroup section */

/* Begin XCBuildConfiguration section */
		C0A12CCC2579E33100CDB428 /* Debug */ = {
			isa = XCBuildConfiguration;
			buildSettings = {
				ALWAYS_SEARCH_USER_PATHS = NO;
				CLANG_ANALYZER_NONNULL = YES;
				CLANG_ANALYZER_NUMBER_OBJECT_CONVERSION = YES_AGGRESSIVE;
				CLANG_CXX_LANGUAGE_STANDARD = "gnu++14";
				CLANG_CXX_LIBRARY = "libc++";
				CLANG_ENABLE_MODULES = YES;
				CLANG_ENABLE_OBJC_ARC = YES;
				CLANG_ENABLE_OBJC_WEAK = YES;
				CLANG_WARN_BLOCK_CAPTURE_AUTORELEASING = YES;
				CLANG_WARN_BOOL_CONVERSION = YES;
				CLANG_WARN_COMMA = YES;
				CLANG_WARN_CONSTANT_CONVERSION = YES;
				CLANG_WARN_DEPRECATED_OBJC_IMPLEMENTATIONS = YES;
				CLANG_WARN_DIRECT_OBJC_ISA_USAGE = YES_ERROR;
				CLANG_WARN_DOCUMENTATION_COMMENTS = YES;
				CLANG_WARN_EMPTY_BODY = YES;
				CLANG_WARN_ENUM_CONVERSION = YES;
				CLANG_WARN_INFINITE_RECURSION = YES;
				CLANG_WARN_INT_CONVERSION = YES;
				CLANG_WARN_NON_LITERAL_NULL_CONVERSION = YES;
				CLANG_WARN_OBJC_IMPLICIT_RETAIN_SELF = YES;
				CLANG_WARN_OBJC_LITERAL_CONVERSION = YES;
				CLANG_WARN_OBJC_ROOT_CLASS = YES_ERROR;
				CLANG_WARN_QUOTED_INCLUDE_IN_FRAMEWORK_HEADER = YES;
				CLANG_WARN_RANGE_LOOP_ANALYSIS = YES;
				CLANG_WARN_STRICT_PROTOTYPES = YES;
				CLANG_WARN_SUSPICIOUS_MOVE = YES;
				CLANG_WARN_UNGUARDED_AVAILABILITY = YES_AGGRESSIVE;
				CLANG_WARN_UNREACHABLE_CODE = YES;
				CLANG_WARN__DUPLICATE_METHOD_MATCH = YES;
				COPY_PHASE_STRIP = NO;
				DEBUG_INFORMATION_FORMAT = dwarf;
				ENABLE_STRICT_OBJC_MSGSEND = YES;
				ENABLE_TESTABILITY = YES;
				GCC_C_LANGUAGE_STANDARD = gnu11;
				GCC_DYNAMIC_NO_PIC = NO;
				GCC_NO_COMMON_BLOCKS = YES;
				GCC_OPTIMIZATION_LEVEL = 0;
				GCC_PREPROCESSOR_DEFINITIONS = (
					"DEBUG=1",
					"$(inherited)",
				);
				GCC_WARN_64_TO_32_BIT_CONVERSION = YES;
				GCC_WARN_ABOUT_RETURN_TYPE = YES_ERROR;
				GCC_WARN_UNDECLARED_SELECTOR = YES;
				GCC_WARN_UNINITIALIZED_AUTOS = YES_AGGRESSIVE;
				GCC_WARN_UNUSED_FUNCTION = YES;
				GCC_WARN_UNUSED_VARIABLE = YES;
				IPHONEOS_DEPLOYMENT_TARGET = 14.1;
				MTL_ENABLE_DEBUG_INFO = INCLUDE_SOURCE;
				MTL_FAST_MATH = YES;
				ONLY_ACTIVE_ARCH = YES;
				SDKROOT = iphoneos;
				SWIFT_ACTIVE_COMPILATION_CONDITIONS = DEBUG;
				SWIFT_OPTIMIZATION_LEVEL = "-Onone";
			};
			name = Debug;
		};
		C0A12CCD2579E33100CDB428 /* Release */ = {
			isa = XCBuildConfiguration;
			buildSettings = {
				ALWAYS_SEARCH_USER_PATHS = NO;
				CLANG_ANALYZER_NONNULL = YES;
				CLANG_ANALYZER_NUMBER_OBJECT_CONVERSION = YES_AGGRESSIVE;
				CLANG_CXX_LANGUAGE_STANDARD = "gnu++14";
				CLANG_CXX_LIBRARY = "libc++";
				CLANG_ENABLE_MODULES = YES;
				CLANG_ENABLE_OBJC_ARC = YES;
				CLANG_ENABLE_OBJC_WEAK = YES;
				CLANG_WARN_BLOCK_CAPTURE_AUTORELEASING = YES;
				CLANG_WARN_BOOL_CONVERSION = YES;
				CLANG_WARN_COMMA = YES;
				CLANG_WARN_CONSTANT_CONVERSION = YES;
				CLANG_WARN_DEPRECATED_OBJC_IMPLEMENTATIONS = YES;
				CLANG_WARN_DIRECT_OBJC_ISA_USAGE = YES_ERROR;
				CLANG_WARN_DOCUMENTATION_COMMENTS = YES;
				CLANG_WARN_EMPTY_BODY = YES;
				CLANG_WARN_ENUM_CONVERSION = YES;
				CLANG_WARN_INFINITE_RECURSION = YES;
				CLANG_WARN_INT_CONVERSION = YES;
				CLANG_WARN_NON_LITERAL_NULL_CONVERSION = YES;
				CLANG_WARN_OBJC_IMPLICIT_RETAIN_SELF = YES;
				CLANG_WARN_OBJC_LITERAL_CONVERSION = YES;
				CLANG_WARN_OBJC_ROOT_CLASS = YES_ERROR;
				CLANG_WARN_QUOTED_INCLUDE_IN_FRAMEWORK_HEADER = YES;
				CLANG_WARN_RANGE_LOOP_ANALYSIS = YES;
				CLANG_WARN_STRICT_PROTOTYPES = YES;
				CLANG_WARN_SUSPICIOUS_MOVE = YES;
				CLANG_WARN_UNGUARDED_AVAILABILITY = YES_AGGRESSIVE;
				CLANG_WARN_UNREACHABLE_CODE = YES;
				CLANG_WARN__DUPLICATE_METHOD_MATCH = YES;
				COPY_PHASE_STRIP = NO;
				DEBUG_INFORMATION_FORMAT = "dwarf-with-dsym";
				ENABLE_NS_ASSERTIONS = NO;
				ENABLE_STRICT_OBJC_MSGSEND = YES;
				GCC_C_LANGUAGE_STANDARD = gnu11;
				GCC_NO_COMMON_BLOCKS = YES;
				GCC_WARN_64_TO_32_BIT_CONVERSION = YES;
				GCC_WARN_ABOUT_RETURN_TYPE = YES_ERROR;
				GCC_WARN_UNDECLARED_SELECTOR = YES;
				GCC_WARN_UNINITIALIZED_AUTOS = YES_AGGRESSIVE;
				GCC_WARN_UNUSED_FUNCTION = YES;
				GCC_WARN_UNUSED_VARIABLE = YES;
				IPHONEOS_DEPLOYMENT_TARGET = 14.1;
				MTL_ENABLE_DEBUG_INFO = NO;
				MTL_FAST_MATH = YES;
				SDKROOT = iphoneos;
				SWIFT_COMPILATION_MODE = wholemodule;
				SWIFT_OPTIMIZATION_LEVEL = "-O";
				VALIDATE_PRODUCT = YES;
			};
			name = Release;
		};
		C0A12CCF2579E33100CDB428 /* Debug */ = {
			isa = XCBuildConfiguration;
			buildSettings = {
				ASSETCATALOG_COMPILER_APPICON_NAME = AppIcon;
				ASSETCATALOG_COMPILER_GLOBAL_ACCENT_COLOR_NAME = AccentColor;
				CODE_SIGN_STYLE = Automatic;
				INFOPLIST_FILE = MatchGame/Info.plist;
				LD_RUNPATH_SEARCH_PATHS = (
					"$(inherited)",
					"@executable_path/Frameworks",
				);
				PRODUCT_BUNDLE_IDENTIFIER = Marie.Kallop.MatchGame;
				PRODUCT_NAME = "$(TARGET_NAME)";
				SWIFT_VERSION = 5.0;
				TARGETED_DEVICE_FAMILY = "1,2";
			};
			name = Debug;
		};
		C0A12CD02579E33100CDB428 /* Release */ = {
			isa = XCBuildConfiguration;
			buildSettings = {
				ASSETCATALOG_COMPILER_APPICON_NAME = AppIcon;
				ASSETCATALOG_COMPILER_GLOBAL_ACCENT_COLOR_NAME = AccentColor;
				CODE_SIGN_STYLE = Automatic;
				INFOPLIST_FILE = MatchGame/Info.plist;
				LD_RUNPATH_SEARCH_PATHS = (
					"$(inherited)",
					"@executable_path/Frameworks",
				);
				PRODUCT_BUNDLE_IDENTIFIER = Marie.Kallop.MatchGame;
				PRODUCT_NAME = "$(TARGET_NAME)";
				SWIFT_VERSION = 5.0;
				TARGETED_DEVICE_FAMILY = "1,2";
			};
			name = Release;
		};
		C0A12CD22579E33100CDB428 /* Debug */ = {
			isa = XCBuildConfiguration;
			buildSettings = {
				ALWAYS_EMBED_SWIFT_STANDARD_LIBRARIES = YES;
				BUNDLE_LOADER = "$(TEST_HOST)";
				CODE_SIGN_STYLE = Automatic;
				INFOPLIST_FILE = MatchGameTests/Info.plist;
				IPHONEOS_DEPLOYMENT_TARGET = 14.1;
				LD_RUNPATH_SEARCH_PATHS = (
					"$(inherited)",
					"@executable_path/Frameworks",
					"@loader_path/Frameworks",
				);
				PRODUCT_BUNDLE_IDENTIFIER = Marie.Kallop.MatchGameTests;
				PRODUCT_NAME = "$(TARGET_NAME)";
				SWIFT_VERSION = 5.0;
				TARGETED_DEVICE_FAMILY = "1,2";
				TEST_HOST = "$(BUILT_PRODUCTS_DIR)/MatchGame.app/MatchGame";
			};
			name = Debug;
		};
		C0A12CD32579E33100CDB428 /* Release */ = {
			isa = XCBuildConfiguration;
			buildSettings = {
				ALWAYS_EMBED_SWIFT_STANDARD_LIBRARIES = YES;
				BUNDLE_LOADER = "$(TEST_HOST)";
				CODE_SIGN_STYLE = Automatic;
				INFOPLIST_FILE = MatchGameTests/Info.plist;
				IPHONEOS_DEPLOYMENT_TARGET = 14.1;
				LD_RUNPATH_SEARCH_PATHS = (
					"$(inherited)",
					"@executable_path/Frameworks",
					"@loader_path/Frameworks",
				);
				PRODUCT_BUNDLE_IDENTIFIER = Marie.Kallop.MatchGameTests;
				PRODUCT_NAME = "$(TARGET_NAME)";
				SWIFT_VERSION = 5.0;
				TARGETED_DEVICE_FAMILY = "1,2";
				TEST_HOST = "$(BUILT_PRODUCTS_DIR)/MatchGame.app/MatchGame";
			};
			name = Release;
		};
		C0A12CD52579E33100CDB428 /* Debug */ = {
			isa = XCBuildConfiguration;
			buildSettings = {
				ALWAYS_EMBED_SWIFT_STANDARD_LIBRARIES = YES;
				CODE_SIGN_STYLE = Automatic;
				INFOPLIST_FILE = MatchGameUITests/Info.plist;
				LD_RUNPATH_SEARCH_PATHS = (
					"$(inherited)",
					"@executable_path/Frameworks",
					"@loader_path/Frameworks",
				);
				PRODUCT_BUNDLE_IDENTIFIER = Marie.Kallop.MatchGameUITests;
				PRODUCT_NAME = "$(TARGET_NAME)";
				SWIFT_VERSION = 5.0;
				TARGETED_DEVICE_FAMILY = "1,2";
				TEST_TARGET_NAME = MatchGame;
			};
			name = Debug;
		};
		C0A12CD62579E33100CDB428 /* Release */ = {
			isa = XCBuildConfiguration;
			buildSettings = {
				ALWAYS_EMBED_SWIFT_STANDARD_LIBRARIES = YES;
				CODE_SIGN_STYLE = Automatic;
				INFOPLIST_FILE = MatchGameUITests/Info.plist;
				LD_RUNPATH_SEARCH_PATHS = (
					"$(inherited)",
					"@executable_path/Frameworks",
					"@loader_path/Frameworks",
				);
				PRODUCT_BUNDLE_IDENTIFIER = Marie.Kallop.MatchGameUITests;
				PRODUCT_NAME = "$(TARGET_NAME)";
				SWIFT_VERSION = 5.0;
				TARGETED_DEVICE_FAMILY = "1,2";
				TEST_TARGET_NAME = MatchGame;
			};
			name = Release;
		};
/* End XCBuildConfiguration section */

/* Begin XCConfigurationList section */
		C0A12C9F2579E33000CDB428 /* Build configuration list for PBXProject "MatchGame" */ = {
			isa = XCConfigurationList;
			buildConfigurations = (
				C0A12CCC2579E33100CDB428 /* Debug */,
				C0A12CCD2579E33100CDB428 /* Release */,
			);
			defaultConfigurationIsVisible = 0;
			defaultConfigurationName = Release;
		};
		C0A12CCE2579E33100CDB428 /* Build configuration list for PBXNativeTarget "MatchGame" */ = {
			isa = XCConfigurationList;
			buildConfigurations = (
				C0A12CCF2579E33100CDB428 /* Debug */,
				C0A12CD02579E33100CDB428 /* Release */,
			);
			defaultConfigurationIsVisible = 0;
			defaultConfigurationName = Release;
		};
		C0A12CD12579E33100CDB428 /* Build configuration list for PBXNativeTarget "MatchGameTests" */ = {
			isa = XCConfigurationList;
			buildConfigurations = (
				C0A12CD22579E33100CDB428 /* Debug */,
				C0A12CD32579E33100CDB428 /* Release */,
			);
			defaultConfigurationIsVisible = 0;
			defaultConfigurationName = Release;
		};
		C0A12CD42579E33100CDB428 /* Build configuration list for PBXNativeTarget "MatchGameUITests" */ = {
			isa = XCConfigurationList;
			buildConfigurations = (
				C0A12CD52579E33100CDB428 /* Debug */,
				C0A12CD62579E33100CDB428 /* Release */,
			);
			defaultConfigurationIsVisible = 0;
			defaultConfigurationName = Release;
		};
/* End XCConfigurationList section */
	};
	rootObject = C0A12C9C2579E33000CDB428 /* Project object */;
}
